
Microsoft Visual Studio Solution File, Format Version 12.00
# Visual Studio 15
VisualStudioVersion = 15.0.27004.2002
MinimumVisualStudioVersion = 10.0.40219.1
Project("{FAE04EC0-301F-11D3-BF4B-00C04F79EFBC}") = "Trie", "Trie\Trie.csproj", "{BBA19235-281A-43E4-9237-F686359D406F}"
EndProject
Project("{FAE04EC0-301F-11D3-BF4B-00C04F79EFBC}") = "TrieTest", "TrieTest\TrieTest.csproj", "{ACE78617-A753-468E-9AA9-CF0527326925}"
EndProject
Global
	GlobalSection(SolutionConfigurationPlatforms) = preSolution
		Debug|Any CPU = Debug|Any CPU
		Release|Any CPU = Release|Any CPU
	EndGlobalSection
	GlobalSection(ProjectConfigurationPlatforms) = postSolution
		{BBA19235-281A-43E4-9237-F686359D406F}.Debug|Any CPU.ActiveCfg = Debug|Any CPU
		{BBA19235-281A-43E4-9237-F686359D406F}.Debug|Any CPU.Build.0 = Debug|Any CPU
		{BBA19235-281A-43E4-9237-F686359D406F}.Release|Any CPU.ActiveCfg = Release|Any CPU
		{BBA19235-281A-43E4-9237-F686359D406F}.Release|Any CPU.Build.0 = Release|Any CPU
		{ACE78617-A753-468E-9AA9-CF0527326925}.Debug|Any CPU.ActiveCfg = Debug|Any CPU
		{ACE78617-A753-468E-9AA9-CF0527326925}.Debug|Any CPU.Build.0 = Debug|Any CPU
		{ACE78617-A753-468E-9AA9-CF0527326925}.Release|Any CPU.ActiveCfg = Release|Any CPU
		{ACE78617-A753-468E-9AA9-CF0527326925}.Release|Any CPU.Build.0 = Release|Any CPU
	EndGlobalSection
	GlobalSection(SolutionProperties) = preSolution
		HideSolutionNode = FALSE
	EndGlobalSection
	GlobalSection(ExtensibilityGlobals) = postSolution
		SolutionGuid = {5E00B1F7-296B-415E-9C51-D9671B1FF8B6}
	EndGlobalSection
EndGlobal
